
Microsoft Visual Studio Solution File, Format Version 12.00
# Visual Studio 15
VisualStudioVersion = 15.0.28307.539
MinimumVisualStudioVersion = 10.0.40219.1
Project("{FAE04EC0-301F-11D3-BF4B-00C04F79EFBC}") = "AEV6", "AEV6\AEV6.csproj", "{C3A08A7F-D6C8-45A9-BA59-25DB1ED6C5D6}"
EndProject
Global
	GlobalSection(SolutionConfigurationPlatforms) = preSolution
		Debug|Any CPU = Debug|Any CPU
		Release|Any CPU = Release|Any CPU
	EndGlobalSection
	GlobalSection(ProjectConfigurationPlatforms) = postSolution
		{C3A08A7F-D6C8-45A9-BA59-25DB1ED6C5D6}.Debug|Any CPU.ActiveCfg = Debug|Any CPU
		{C3A08A7F-D6C8-45A9-BA59-25DB1ED6C5D6}.Debug|Any CPU.Build.0 = Debug|Any CPU
		{C3A08A7F-D6C8-45A9-BA59-25DB1ED6C5D6}.Release|Any CPU.ActiveCfg = Release|Any CPU
		{C3A08A7F-D6C8-45A9-BA59-25DB1ED6C5D6}.Release|Any CPU.Build.0 = Release|Any CPU
	EndGlobalSection
	GlobalSection(SolutionProperties) = preSolution
		HideSolutionNode = FALSE
	EndGlobalSection
	GlobalSection(ExtensibilityGlobals) = postSolution
		SolutionGuid = {9D2AC33A-9C26-4754-89EE-477B3D4478AC}
	EndGlobalSection
EndGlobal
