
Microsoft Visual Studio Solution File, Format Version 12.00
# Visual Studio Version 16
VisualStudioVersion = 16.0.28803.202
MinimumVisualStudioVersion = 10.0.40219.1
Project("{FAE04EC0-301F-11D3-BF4B-00C04F79EFBC}") = "Experimento", "Experimento.csproj", "{23C54732-7A2D-4010-A2C0-E3CCC7DF0D92}"
EndProject
Global
	GlobalSection(SolutionConfigurationPlatforms) = preSolution
		Debug|Any CPU = Debug|Any CPU
		Release|Any CPU = Release|Any CPU
	EndGlobalSection
	GlobalSection(ProjectConfigurationPlatforms) = postSolution
		{23C54732-7A2D-4010-A2C0-E3CCC7DF0D92}.Debug|Any CPU.ActiveCfg = Debug|Any CPU
		{23C54732-7A2D-4010-A2C0-E3CCC7DF0D92}.Debug|Any CPU.Build.0 = Debug|Any CPU
		{23C54732-7A2D-4010-A2C0-E3CCC7DF0D92}.Release|Any CPU.ActiveCfg = Release|Any CPU
		{23C54732-7A2D-4010-A2C0-E3CCC7DF0D92}.Release|Any CPU.Build.0 = Release|Any CPU
	EndGlobalSection
	GlobalSection(SolutionProperties) = preSolution
		HideSolutionNode = FALSE
	EndGlobalSection
	GlobalSection(ExtensibilityGlobals) = postSolution
		SolutionGuid = {F3258752-84C0-4DAB-AF6B-0D1AE957ACA3}
	EndGlobalSection
EndGlobal
