
Microsoft Visual Studio Solution File, Format Version 12.00
# Visual Studio Version 16
VisualStudioVersion = 16.0.28803.202
MinimumVisualStudioVersion = 10.0.40219.1
Project("{FAE04EC0-301F-11D3-BF4B-00C04F79EFBC}") = "6", "6\6.csproj", "{9FA07728-6A78-4D09-B335-4FA3107D88AB}"
EndProject
Global
	GlobalSection(SolutionConfigurationPlatforms) = preSolution
		Debug|Any CPU = Debug|Any CPU
		Release|Any CPU = Release|Any CPU
	EndGlobalSection
	GlobalSection(ProjectConfigurationPlatforms) = postSolution
		{9FA07728-6A78-4D09-B335-4FA3107D88AB}.Debug|Any CPU.ActiveCfg = Debug|Any CPU
		{9FA07728-6A78-4D09-B335-4FA3107D88AB}.Debug|Any CPU.Build.0 = Debug|Any CPU
		{9FA07728-6A78-4D09-B335-4FA3107D88AB}.Release|Any CPU.ActiveCfg = Release|Any CPU
		{9FA07728-6A78-4D09-B335-4FA3107D88AB}.Release|Any CPU.Build.0 = Release|Any CPU
	EndGlobalSection
	GlobalSection(SolutionProperties) = preSolution
		HideSolutionNode = FALSE
	EndGlobalSection
	GlobalSection(ExtensibilityGlobals) = postSolution
		SolutionGuid = {33F0CE3D-D431-4D73-91FF-947A6D8146DB}
	EndGlobalSection
EndGlobal
